// !$*UTF8*$!
{
	archiveVersion = 1;
	classes = {
	};
	objectVersion = 56;
	objects = {

/* Begin PBXBuildFile section */
		000000000000000000000101 /* LuckyMoneyApp.swift in Sources */ = {isa = PBXBuildFile; fileRef = 000000000000000000000201 /* LuckyMoneyApp.swift */; };
		000000000000000000000102 /* Models.swift in Sources */ = {isa = PBXBuildFile; fileRef = 000000000000000000000202 /* Models.swift */; };
		000000000000000000000103 /* ExpenseAnalyzer.swift in Sources */ = {isa = PBXBuildFile; fileRef = 000000000000000000000203 /* ExpenseAnalyzer.swift */; };
		000000000000000000000104 /* BackendClient.swift in Sources */ = {isa = PBXBuildFile; fileRef = 000000000000000000000204 /* BackendClient.swift */; };
		000000000000000000000105 /* SyncService.swift in Sources */ = {isa = PBXBuildFile; fileRef = 000000000000000000000205 /* SyncService.swift */; };
		000000000000000000000106 /* ContentView.swift in Sources */ = {isa = PBXBuildFile; fileRef = 000000000000000000000206 /* ContentView.swift */; };
		000000000000000000000107 /* CaptureViews.swift in Sources */ = {isa = PBXBuildFile; fileRef = 000000000000000000000207 /* CaptureViews.swift */; };
		000000000000000000000108 /* ToolScreens.swift in Sources */ = {isa = PBXBuildFile; fileRef = 000000000000000000000208 /* ToolScreens.swift */; };
		000000000000000000000109 /* Assets.xcassets in Resources */ = {isa = PBXBuildFile; fileRef = 000000000000000000000209 /* Assets.xcassets */; };
		00000000000000000000010A /* Localizable.strings in Resources */ = {isa = PBXBuildFile; fileRef = 00000000000000000000020A /* Localizable.strings */; };
		00000000000000000000010B /* InfoPlist.strings in Resources */ = {isa = PBXBuildFile; fileRef = 00000000000000000000020B /* InfoPlist.strings */; };
		000000000000000000000111 /* ExpenseAnalyzerTests.swift in Sources */ = {isa = PBXBuildFile; fileRef = 000000000000000000000211 /* ExpenseAnalyzerTests.swift */; };
		000000000000000000000112 /* BackendPayloadTests.swift in Sources */ = {isa = PBXBuildFile; fileRef = 000000000000000000000212 /* BackendPayloadTests.swift */; };
		000000000000000000000121 /* LuckyMoneyUITests.swift in Sources */ = {isa = PBXBuildFile; fileRef = 000000000000000000000221 /* LuckyMoneyUITests.swift */; };
/* End PBXBuildFile section */

/* Begin PBXContainerItemProxy section */
		000000000000000000000301 /* PBXContainerItemProxy */ = {
			isa = PBXContainerItemProxy;
			containerPortal = 000000000000000000000001 /* Project object */;
			proxyType = 1;
			remoteGlobalIDString = 000000000000000000000401;
			remoteInfo = LuckyMoney;
		};
		000000000000000000000302 /* PBXContainerItemProxy */ = {
			isa = PBXContainerItemProxy;
			containerPortal = 000000000000000000000001 /* Project object */;
			proxyType = 1;
			remoteGlobalIDString = 000000000000000000000401;
			remoteInfo = LuckyMoney;
		};
/* End PBXContainerItemProxy section */

/* Begin PBXFileReference section */
		000000000000000000000201 /* LuckyMoneyApp.swift */ = {isa = PBXFileReference; lastKnownFileType = sourcecode.swift; path = LuckyMoneyApp.swift; sourceTree = "<group>"; };
		000000000000000000000202 /* Models.swift */ = {isa = PBXFileReference; lastKnownFileType = sourcecode.swift; path = Models.swift; sourceTree = "<group>"; };
		000000000000000000000203 /* ExpenseAnalyzer.swift */ = {isa = PBXFileReference; lastKnownFileType = sourcecode.swift; path = ExpenseAnalyzer.swift; sourceTree = "<group>"; };
		000000000000000000000204 /* BackendClient.swift */ = {isa = PBXFileReference; lastKnownFileType = sourcecode.swift; path = BackendClient.swift; sourceTree = "<group>"; };
		000000000000000000000205 /* SyncService.swift */ = {isa = PBXFileReference; lastKnownFileType = sourcecode.swift; path = SyncService.swift; sourceTree = "<group>"; };
		000000000000000000000206 /* ContentView.swift */ = {isa = PBXFileReference; lastKnownFileType = sourcecode.swift; path = ContentView.swift; sourceTree = "<group>"; };
		000000000000000000000207 /* CaptureViews.swift */ = {isa = PBXFileReference; lastKnownFileType = sourcecode.swift; path = CaptureViews.swift; sourceTree = "<group>"; };
		000000000000000000000208 /* ToolScreens.swift */ = {isa = PBXFileReference; lastKnownFileType = sourcecode.swift; path = ToolScreens.swift; sourceTree = "<group>"; };
		000000000000000000000209 /* Assets.xcassets */ = {isa = PBXFileReference; lastKnownFileType = folder.assetcatalog; path = Assets.xcassets; sourceTree = "<group>"; };
		00000000000000000000020C /* Info.plist */ = {isa = PBXFileReference; lastKnownFileType = text.plist.xml; path = Info.plist; sourceTree = "<group>"; };
		00000000000000000000020D /* en */ = {isa = PBXFileReference; lastKnownFileType = text.plist.strings; name = en; path = en.lproj/Localizable.strings; sourceTree = "<group>"; };
		00000000000000000000020E /* vi */ = {isa = PBXFileReference; lastKnownFileType = text.plist.strings; name = vi; path = vi.lproj/Localizable.strings; sourceTree = "<group>"; };
		00000000000000000000020F /* en */ = {isa = PBXFileReference; lastKnownFileType = text.plist.strings; name = en; path = en.lproj/InfoPlist.strings; sourceTree = "<group>"; };
		000000000000000000000210 /* vi */ = {isa = PBXFileReference; lastKnownFileType = text.plist.strings; name = vi; path = vi.lproj/InfoPlist.strings; sourceTree = "<group>"; };
		000000000000000000000211 /* ExpenseAnalyzerTests.swift */ = {isa = PBXFileReference; lastKnownFileType = sourcecode.swift; path = ExpenseAnalyzerTests.swift; sourceTree = "<group>"; };
		000000000000000000000212 /* BackendPayloadTests.swift */ = {isa = PBXFileReference; lastKnownFileType = sourcecode.swift; path = BackendPayloadTests.swift; sourceTree = "<group>"; };
		000000000000000000000221 /* LuckyMoneyUITests.swift */ = {isa = PBXFileReference; lastKnownFileType = sourcecode.swift; path = LuckyMoneyUITests.swift; sourceTree = "<group>"; };
		000000000000000000000231 /* LuckyMoney.app */ = {isa = PBXFileReference; explicitFileType = wrapper.application; includeInIndex = 0; path = LuckyMoney.app; sourceTree = BUILT_PRODUCTS_DIR; };
		000000000000000000000232 /* LuckyMoneyTests.xctest */ = {isa = PBXFileReference; explicitFileType = wrapper.cfbundle; includeInIndex = 0; path = LuckyMoneyTests.xctest; sourceTree = BUILT_PRODUCTS_DIR; };
		000000000000000000000233 /* LuckyMoneyUITests.xctest */ = {isa = PBXFileReference; explicitFileType = wrapper.cfbundle; includeInIndex = 0; path = LuckyMoneyUITests.xctest; sourceTree = BUILT_PRODUCTS_DIR; };
/* End PBXFileReference section */

/* Begin PBXFrameworksBuildPhase section */
		000000000000000000000501 /* Frameworks */ = {isa = PBXFrameworksBuildPhase; buildActionMask = 2147483647; files = (); runOnlyForDeploymentPostprocessing = 0; };
		000000000000000000000511 /* Frameworks */ = {isa = PBXFrameworksBuildPhase; buildActionMask = 2147483647; files = (); runOnlyForDeploymentPostprocessing = 0; };
		000000000000000000000521 /* Frameworks */ = {isa = PBXFrameworksBuildPhase; buildActionMask = 2147483647; files = (); runOnlyForDeploymentPostprocessing = 0; };
/* End PBXFrameworksBuildPhase section */

/* Begin PBXGroup section */
		000000000000000000000601 = {
			isa = PBXGroup;
			children = (
				000000000000000000000602 /* LuckyMoney */,
				000000000000000000000603 /* LuckyMoneyTests */,
				000000000000000000000604 /* LuckyMoneyUITests */,
				000000000000000000000605 /* Products */,
			);
			sourceTree = "<group>";
		};
		000000000000000000000602 /* LuckyMoney */ = {
			isa = PBXGroup;
			children = (
				000000000000000000000201 /* LuckyMoneyApp.swift */,
				000000000000000000000202 /* Models.swift */,
				000000000000000000000203 /* ExpenseAnalyzer.swift */,
				000000000000000000000204 /* BackendClient.swift */,
				000000000000000000000205 /* SyncService.swift */,
				000000000000000000000206 /* ContentView.swift */,
				000000000000000000000207 /* CaptureViews.swift */,
				000000000000000000000208 /* ToolScreens.swift */,
				000000000000000000000209 /* Assets.xcassets */,
				00000000000000000000020A /* Localizable.strings */,
				00000000000000000000020B /* InfoPlist.strings */,
				00000000000000000000020C /* Info.plist */,
			);
			path = LuckyMoney;
			sourceTree = "<group>";
		};
		000000000000000000000603 /* LuckyMoneyTests */ = {
			isa = PBXGroup;
			children = (
				000000000000000000000211 /* ExpenseAnalyzerTests.swift */,
				000000000000000000000212 /* BackendPayloadTests.swift */,
			);
			path = LuckyMoneyTests;
			sourceTree = "<group>";
		};
		000000000000000000000604 /* LuckyMoneyUITests */ = {
			isa = PBXGroup;
			children = (
				000000000000000000000221 /* LuckyMoneyUITests.swift */,
			);
			path = LuckyMoneyUITests;
			sourceTree = "<group>";
		};
		000000000000000000000605 /* Products */ = {
			isa = PBXGroup;
			children = (
				000000000000000000000231 /* LuckyMoney.app */,
				000000000000000000000232 /* LuckyMoneyTests.xctest */,
				000000000000000000000233 /* LuckyMoneyUITests.xctest */,
			);
			name = Products;
			sourceTree = "<group>";
		};
/* End PBXGroup section */

/* Begin PBXNativeTarget section */
		000000000000000000000401 /* LuckyMoney */ = {
			isa = PBXNativeTarget;
			buildConfigurationList = 000000000000000000000801 /* Build configuration list for PBXNativeTarget "LuckyMoney" */;
			buildPhases = (
				000000000000000000000701 /* Sources */,
				000000000000000000000501 /* Frameworks */,
				000000000000000000000702 /* Resources */,
			);
			buildRules = ();
			dependencies = ();
			name = LuckyMoney;
			productName = LuckyMoney;
			productReference = 000000000000000000000231 /* LuckyMoney.app */;
			productType = "com.apple.product-type.application";
		};
		000000000000000000000411 /* LuckyMoneyTests */ = {
			isa = PBXNativeTarget;
			buildConfigurationList = 000000000000000000000811 /* Build configuration list for PBXNativeTarget "LuckyMoneyTests" */;
			buildPhases = (
				000000000000000000000711 /* Sources */,
				000000000000000000000511 /* Frameworks */,
				000000000000000000000712 /* Resources */,
			);
			buildRules = ();
			dependencies = (
				000000000000000000000321 /* PBXTargetDependency */,
			);
			name = LuckyMoneyTests;
			productName = LuckyMoneyTests;
			productReference = 000000000000000000000232 /* LuckyMoneyTests.xctest */;
			productType = "com.apple.product-type.bundle.unit-test";
		};
		000000000000000000000421 /* LuckyMoneyUITests */ = {
			isa = PBXNativeTarget;
			buildConfigurationList = 000000000000000000000821 /* Build configuration list for PBXNativeTarget "LuckyMoneyUITests" */;
			buildPhases = (
				000000000000000000000721 /* Sources */,
				000000000000000000000521 /* Frameworks */,
				000000000000000000000722 /* Resources */,
			);
			buildRules = ();
			dependencies = (
				000000000000000000000322 /* PBXTargetDependency */,
			);
			name = LuckyMoneyUITests;
			productName = LuckyMoneyUITests;
			productReference = 000000000000000000000233 /* LuckyMoneyUITests.xctest */;
			productType = "com.apple.product-type.bundle.ui-testing";
		};
/* End PBXNativeTarget section */

/* Begin PBXProject section */
		000000000000000000000001 /* Project object */ = {
			isa = PBXProject;
			attributes = {
				BuildIndependentTargetsInParallel = 1;
				LastSwiftUpdateCheck = 1540;
				LastUpgradeCheck = 1540;
				TargetAttributes = {
					000000000000000000000401 = {CreatedOnToolsVersion = 15.4;};
					000000000000000000000411 = {CreatedOnToolsVersion = 15.4; TestTargetID = 000000000000000000000401;};
					000000000000000000000421 = {CreatedOnToolsVersion = 15.4; TestTargetID = 000000000000000000000401;};
				};
			};
			buildConfigurationList = 000000000000000000000800 /* Build configuration list for PBXProject "LuckyMoney" */;
			compatibilityVersion = "Xcode 14.0";
			developmentRegion = en;
			hasScannedForEncodings = 0;
			knownRegions = (en, vi, Base);
			mainGroup = 000000000000000000000601;
			productRefGroup = 000000000000000000000605 /* Products */;
			projectDirPath = "";
			projectRoot = "";
			targets = (
				000000000000000000000401 /* LuckyMoney */,
				000000000000000000000411 /* LuckyMoneyTests */,
				000000000000000000000421 /* LuckyMoneyUITests */,
			);
		};
/* End PBXProject section */

/* Begin PBXResourcesBuildPhase section */
		000000000000000000000702 /* Resources */ = {isa = PBXResourcesBuildPhase; buildActionMask = 2147483647; files = (000000000000000000000109 /* Assets.xcassets in Resources */, 00000000000000000000010A /* Localizable.strings in Resources */, 00000000000000000000010B /* InfoPlist.strings in Resources */); runOnlyForDeploymentPostprocessing = 0; };
		000000000000000000000712 /* Resources */ = {isa = PBXResourcesBuildPhase; buildActionMask = 2147483647; files = (); runOnlyForDeploymentPostprocessing = 0; };
		000000000000000000000722 /* Resources */ = {isa = PBXResourcesBuildPhase; buildActionMask = 2147483647; files = (); runOnlyForDeploymentPostprocessing = 0; };
/* End PBXResourcesBuildPhase section */

/* Begin PBXSourcesBuildPhase section */
		000000000000000000000701 /* Sources */ = {isa = PBXSourcesBuildPhase; buildActionMask = 2147483647; files = (000000000000000000000101, 000000000000000000000102, 000000000000000000000103, 000000000000000000000104, 000000000000000000000105, 000000000000000000000106, 000000000000000000000107, 000000000000000000000108); runOnlyForDeploymentPostprocessing = 0; };
		000000000000000000000711 /* Sources */ = {isa = PBXSourcesBuildPhase; buildActionMask = 2147483647; files = (000000000000000000000111, 000000000000000000000112); runOnlyForDeploymentPostprocessing = 0; };
		000000000000000000000721 /* Sources */ = {isa = PBXSourcesBuildPhase; buildActionMask = 2147483647; files = (000000000000000000000121); runOnlyForDeploymentPostprocessing = 0; };
/* End PBXSourcesBuildPhase section */

/* Begin PBXTargetDependency section */
		000000000000000000000321 /* PBXTargetDependency */ = {isa = PBXTargetDependency; target = 000000000000000000000401 /* LuckyMoney */; targetProxy = 000000000000000000000301 /* PBXContainerItemProxy */; };
		000000000000000000000322 /* PBXTargetDependency */ = {isa = PBXTargetDependency; target = 000000000000000000000401 /* LuckyMoney */; targetProxy = 000000000000000000000302 /* PBXContainerItemProxy */; };
/* End PBXTargetDependency section */

/* Begin PBXVariantGroup section */
		00000000000000000000020A /* Localizable.strings */ = {isa = PBXVariantGroup; children = (00000000000000000000020D /* en */, 00000000000000000000020E /* vi */); name = Localizable.strings; sourceTree = "<group>"; };
		00000000000000000000020B /* InfoPlist.strings */ = {isa = PBXVariantGroup; children = (00000000000000000000020F /* en */, 000000000000000000000210 /* vi */); name = InfoPlist.strings; sourceTree = "<group>"; };
/* End PBXVariantGroup section */

/* Begin XCBuildConfiguration section */
		000000000000000000000901 /* Debug */ = {isa = XCBuildConfiguration; buildSettings = {ALWAYS_SEARCH_USER_PATHS = NO; CLANG_ANALYZER_NONNULL = YES; CLANG_ANALYZER_NUMBER_OBJECT_CONVERSION = YES_AGGRESSIVE; CLANG_CXX_LANGUAGE_STANDARD = "gnu++20"; CLANG_ENABLE_MODULES = YES; CLANG_ENABLE_OBJC_ARC = YES; CLANG_WARN_DOCUMENTATION_COMMENTS = YES; CLANG_WARN_QUOTED_INCLUDE_IN_FRAMEWORK_HEADER = YES; DEBUG_INFORMATION_FORMAT = dwarf; ENABLE_STRICT_OBJC_MSGSEND = YES; ENABLE_TESTABILITY = YES; GCC_C_LANGUAGE_STANDARD = gnu17; GCC_NO_COMMON_BLOCKS = YES; GCC_OPTIMIZATION_LEVEL = 0; GCC_PREPROCESSOR_DEFINITIONS = ("DEBUG=1", "$(inherited)"); IPHONEOS_DEPLOYMENT_TARGET = 17.0; SDKROOT = iphoneos; SWIFT_ACTIVE_COMPILATION_CONDITIONS = DEBUG; SWIFT_OPTIMIZATION_LEVEL = "-Onone"; }; name = Debug; };
		000000000000000000000902 /* Release */ = {isa = XCBuildConfiguration; buildSettings = {ALWAYS_SEARCH_USER_PATHS = NO; CLANG_ANALYZER_NONNULL = YES; CLANG_ANALYZER_NUMBER_OBJECT_CONVERSION = YES_AGGRESSIVE; CLANG_CXX_LANGUAGE_STANDARD = "gnu++20"; CLANG_ENABLE_MODULES = YES; CLANG_ENABLE_OBJC_ARC = YES; CLANG_WARN_DOCUMENTATION_COMMENTS = YES; CLANG_WARN_QUOTED_INCLUDE_IN_FRAMEWORK_HEADER = YES; DEBUG_INFORMATION_FORMAT = "dwarf-with-dsym"; ENABLE_STRICT_OBJC_MSGSEND = YES; GCC_C_LANGUAGE_STANDARD = gnu17; GCC_NO_COMMON_BLOCKS = YES; IPHONEOS_DEPLOYMENT_TARGET = 17.0; SDKROOT = iphoneos; SWIFT_COMPILATION_MODE = wholemodule; SWIFT_OPTIMIZATION_LEVEL = "-O"; VALIDATE_PRODUCT = YES; }; name = Release; };
		000000000000000000000911 /* Debug */ = {isa = XCBuildConfiguration; buildSettings = {ASSETCATALOG_COMPILER_GLOBAL_ACCENT_COLOR_NAME = AccentColor; CODE_SIGN_STYLE = Automatic; CURRENT_PROJECT_VERSION = 1; DEVELOPMENT_ASSET_PATHS = ""; DEVELOPMENT_TEAM = ""; GENERATE_INFOPLIST_FILE = NO; INFOPLIST_FILE = LuckyMoney/Info.plist; IPHONEOS_DEPLOYMENT_TARGET = 17.0; MARKETING_VERSION = 0.1.0; PRODUCT_BUNDLE_IDENTIFIER = com.phuongnn14.luckymoney; PRODUCT_NAME = LuckyMoney; SWIFT_VERSION = 5.0; TARGETED_DEVICE_FAMILY = 1; }; name = Debug; };
		000000000000000000000912 /* Release */ = {isa = XCBuildConfiguration; buildSettings = {ASSETCATALOG_COMPILER_GLOBAL_ACCENT_COLOR_NAME = AccentColor; CODE_SIGN_STYLE = Automatic; CURRENT_PROJECT_VERSION = 1; DEVELOPMENT_ASSET_PATHS = ""; DEVELOPMENT_TEAM = ""; GENERATE_INFOPLIST_FILE = NO; INFOPLIST_FILE = LuckyMoney/Info.plist; IPHONEOS_DEPLOYMENT_TARGET = 17.0; MARKETING_VERSION = 0.1.0; PRODUCT_BUNDLE_IDENTIFIER = com.phuongnn14.luckymoney; PRODUCT_NAME = LuckyMoney; SWIFT_VERSION = 5.0; TARGETED_DEVICE_FAMILY = 1; }; name = Release; };
		000000000000000000000921 /* Debug */ = {isa = XCBuildConfiguration; buildSettings = {BUNDLE_LOADER = "$(TEST_HOST)"; CODE_SIGN_STYLE = Automatic; CURRENT_PROJECT_VERSION = 1; DEVELOPMENT_TEAM = ""; GENERATE_INFOPLIST_FILE = YES; IPHONEOS_DEPLOYMENT_TARGET = 17.0; MARKETING_VERSION = 0.1.0; PRODUCT_BUNDLE_IDENTIFIER = com.phuongnn14.luckymoney.tests; PRODUCT_NAME = "$(TARGET_NAME)"; SWIFT_VERSION = 5.0; TARGETED_DEVICE_FAMILY = 1; TEST_HOST = "$(BUILT_PRODUCTS_DIR)/LuckyMoney.app/$(BUNDLE_EXECUTABLE_FOLDER_PATH)/LuckyMoney"; }; name = Debug; };
		000000000000000000000922 /* Release */ = {isa = XCBuildConfiguration; buildSettings = {BUNDLE_LOADER = "$(TEST_HOST)"; CODE_SIGN_STYLE = Automatic; CURRENT_PROJECT_VERSION = 1; DEVELOPMENT_TEAM = ""; GENERATE_INFOPLIST_FILE = YES; IPHONEOS_DEPLOYMENT_TARGET = 17.0; MARKETING_VERSION = 0.1.0; PRODUCT_BUNDLE_IDENTIFIER = com.phuongnn14.luckymoney.tests; PRODUCT_NAME = "$(TARGET_NAME)"; SWIFT_VERSION = 5.0; TARGETED_DEVICE_FAMILY = 1; TEST_HOST = "$(BUILT_PRODUCTS_DIR)/LuckyMoney.app/$(BUNDLE_EXECUTABLE_FOLDER_PATH)/LuckyMoney"; }; name = Release; };
		000000000000000000000931 /* Debug */ = {isa = XCBuildConfiguration; buildSettings = {CODE_SIGN_STYLE = Automatic; CURRENT_PROJECT_VERSION = 1; DEVELOPMENT_TEAM = ""; GENERATE_INFOPLIST_FILE = YES; IPHONEOS_DEPLOYMENT_TARGET = 17.0; MARKETING_VERSION = 0.1.0; PRODUCT_BUNDLE_IDENTIFIER = com.phuongnn14.luckymoney.uitests; PRODUCT_NAME = "$(TARGET_NAME)"; SWIFT_VERSION = 5.0; TARGETED_DEVICE_FAMILY = 1; TEST_TARGET_NAME = LuckyMoney; }; name = Debug; };
		000000000000000000000932 /* Release */ = {isa = XCBuildConfiguration; buildSettings = {CODE_SIGN_STYLE = Automatic; CURRENT_PROJECT_VERSION = 1; DEVELOPMENT_TEAM = ""; GENERATE_INFOPLIST_FILE = YES; IPHONEOS_DEPLOYMENT_TARGET = 17.0; MARKETING_VERSION = 0.1.0; PRODUCT_BUNDLE_IDENTIFIER = com.phuongnn14.luckymoney.uitests; PRODUCT_NAME = "$(TARGET_NAME)"; SWIFT_VERSION = 5.0; TARGETED_DEVICE_FAMILY = 1; TEST_TARGET_NAME = LuckyMoney; }; name = Release; };
/* End XCBuildConfiguration section */

/* Begin XCConfigurationList section */
		000000000000000000000800 /* Build configuration list for PBXProject "LuckyMoney" */ = {isa = XCConfigurationList; buildConfigurations = (000000000000000000000901 /* Debug */, 000000000000000000000902 /* Release */); defaultConfigurationIsVisible = 0; defaultConfigurationName = Release; };
		000000000000000000000801 /* Build configuration list for PBXNativeTarget "LuckyMoney" */ = {isa = XCConfigurationList; buildConfigurations = (000000000000000000000911 /* Debug */, 000000000000000000000912 /* Release */); defaultConfigurationIsVisible = 0; defaultConfigurationName = Release; };
		000000000000000000000811 /* Build configuration list for PBXNativeTarget "LuckyMoneyTests" */ = {isa = XCConfigurationList; buildConfigurations = (000000000000000000000921 /* Debug */, 000000000000000000000922 /* Release */); defaultConfigurationIsVisible = 0; defaultConfigurationName = Release; };
		000000000000000000000821 /* Build configuration list for PBXNativeTarget "LuckyMoneyUITests" */ = {isa = XCConfigurationList; buildConfigurations = (000000000000000000000931 /* Debug */, 000000000000000000000932 /* Release */); defaultConfigurationIsVisible = 0; defaultConfigurationName = Release; };
/* End XCConfigurationList section */
	};
	rootObject = 000000000000000000000001 /* Project object */;
}
